
Microsoft Visual Studio Solution File, Format Version 12.00
# Visual Studio 2012
Project("{8BC9CEB8-8B4A-11D0-8D11-00A0C91BC942}") = "Core", "Core\Core.vcxproj", "{E6BAEF6D-9441-4F21-A820-81B02BB45BB3}"
EndProject
Project("{8BC9CEB8-8B4A-11D0-8D11-00A0C91BC942}") = "GMLParser", "GMLParser\GMLParser.vcxproj", "{9CFD1ACF-E3E3-4D4D-950B-37A16A8E20DB}"
EndProject
Project("{8BC9CEB8-8B4A-11D0-8D11-00A0C91BC942}") = "Main", "Main\Main.vcxproj", "{84835571-6CED-4020-B28D-0DDB705905A5}"
	ProjectSection(ProjectDependencies) = postProject
		{E6BAEF6D-9441-4F21-A820-81B02BB45BB3} = {E6BAEF6D-9441-4F21-A820-81B02BB45BB3}
		{0A37989E-71C9-42D0-A451-7936CF636596} = {0A37989E-71C9-42D0-A451-7936CF636596}
		{9CFD1ACF-E3E3-4D4D-950B-37A16A8E20DB} = {9CFD1ACF-E3E3-4D4D-950B-37A16A8E20DB}
		{7C969DF6-0EE1-42EA-B027-1E9FBDCF209B} = {7C969DF6-0EE1-42EA-B027-1E9FBDCF209B}
	EndProjectSection
EndProject
Project("{8BC9CEB8-8B4A-11D0-8D11-00A0C91BC942}") = "Polygon", "Polygon\Polygon.vcxproj", "{0A37989E-71C9-42D0-A451-7936CF636596}"
EndProject
Project("{8BC9CEB8-8B4A-11D0-8D11-00A0C91BC942}") = "Utility", "Utility\Utility.vcxproj", "{7C969DF6-0EE1-42EA-B027-1E9FBDCF209B}"
EndProject
Global
	GlobalSection(SolutionConfigurationPlatforms) = preSolution
		Debug|Win32 = Debug|Win32
		Release|Win32 = Release|Win32
	EndGlobalSection
	GlobalSection(ProjectConfigurationPlatforms) = postSolution
		{E6BAEF6D-9441-4F21-A820-81B02BB45BB3}.Debug|Win32.ActiveCfg = Debug|Win32
		{E6BAEF6D-9441-4F21-A820-81B02BB45BB3}.Debug|Win32.Build.0 = Debug|Win32
		{E6BAEF6D-9441-4F21-A820-81B02BB45BB3}.Release|Win32.ActiveCfg = Release|Win32
		{E6BAEF6D-9441-4F21-A820-81B02BB45BB3}.Release|Win32.Build.0 = Release|Win32
		{9CFD1ACF-E3E3-4D4D-950B-37A16A8E20DB}.Debug|Win32.ActiveCfg = Debug|Win32
		{9CFD1ACF-E3E3-4D4D-950B-37A16A8E20DB}.Debug|Win32.Build.0 = Debug|Win32
		{9CFD1ACF-E3E3-4D4D-950B-37A16A8E20DB}.Release|Win32.ActiveCfg = Release|Win32
		{9CFD1ACF-E3E3-4D4D-950B-37A16A8E20DB}.Release|Win32.Build.0 = Release|Win32
		{84835571-6CED-4020-B28D-0DDB705905A5}.Debug|Win32.ActiveCfg = Debug|Win32
		{84835571-6CED-4020-B28D-0DDB705905A5}.Debug|Win32.Build.0 = Debug|Win32
		{84835571-6CED-4020-B28D-0DDB705905A5}.Release|Win32.ActiveCfg = Release|Win32
		{84835571-6CED-4020-B28D-0DDB705905A5}.Release|Win32.Build.0 = Release|Win32
		{0A37989E-71C9-42D0-A451-7936CF636596}.Debug|Win32.ActiveCfg = Debug|Win32
		{0A37989E-71C9-42D0-A451-7936CF636596}.Debug|Win32.Build.0 = Debug|Win32
		{0A37989E-71C9-42D0-A451-7936CF636596}.Release|Win32.ActiveCfg = Release|Win32
		{0A37989E-71C9-42D0-A451-7936CF636596}.Release|Win32.Build.0 = Release|Win32
		{7C969DF6-0EE1-42EA-B027-1E9FBDCF209B}.Debug|Win32.ActiveCfg = Debug|Win32
		{7C969DF6-0EE1-42EA-B027-1E9FBDCF209B}.Debug|Win32.Build.0 = Debug|Win32
		{7C969DF6-0EE1-42EA-B027-1E9FBDCF209B}.Release|Win32.ActiveCfg = Release|Win32
		{7C969DF6-0EE1-42EA-B027-1E9FBDCF209B}.Release|Win32.Build.0 = Release|Win32
	EndGlobalSection
	GlobalSection(SolutionProperties) = preSolution
		HideSolutionNode = FALSE
	EndGlobalSection
EndGlobal
