
Microsoft Visual Studio Solution File, Format Version 12.00
# Visual Studio 2012
Project("{8BC9CEB8-8B4A-11D0-8D11-00A0C91BC942}") = "Core", "Core\Core.vcxproj", "{E6BAEF6D-9441-4F21-A820-81B02BB45BB3}"
EndProject
Project("{8BC9CEB8-8B4A-11D0-8D11-00A0C91BC942}") = "GMLParser", "GMLParser\GMLParser.vcxproj", "{9CFD1ACF-E3E3-4D4D-950B-37A16A8E20DB}"
EndProject
Project("{8BC9CEB8-8B4A-11D0-8D11-00A0C91BC942}") = "Test", "Test\Test.vcxproj", "{97BCC026-7E45-4EA7-8B68-DE0F1893FCF5}"
EndProject
Project("{8BC9CEB8-8B4A-11D0-8D11-00A0C91BC942}") = "Main", "Main\Main.vcxproj", "{84835571-6CED-4020-B28D-0DDB705905A5}"
EndProject
Global
	GlobalSection(SolutionConfigurationPlatforms) = preSolution
		Debug|Win32 = Debug|Win32
		Release|Win32 = Release|Win32
	EndGlobalSection
	GlobalSection(ProjectConfigurationPlatforms) = postSolution
		{E6BAEF6D-9441-4F21-A820-81B02BB45BB3}.Debug|Win32.ActiveCfg = Debug|Win32
		{E6BAEF6D-9441-4F21-A820-81B02BB45BB3}.Debug|Win32.Build.0 = Debug|Win32
		{E6BAEF6D-9441-4F21-A820-81B02BB45BB3}.Release|Win32.ActiveCfg = Release|Win32
		{E6BAEF6D-9441-4F21-A820-81B02BB45BB3}.Release|Win32.Build.0 = Release|Win32
		{9CFD1ACF-E3E3-4D4D-950B-37A16A8E20DB}.Debug|Win32.ActiveCfg = Debug|Win32
		{9CFD1ACF-E3E3-4D4D-950B-37A16A8E20DB}.Debug|Win32.Build.0 = Debug|Win32
		{9CFD1ACF-E3E3-4D4D-950B-37A16A8E20DB}.Release|Win32.ActiveCfg = Release|Win32
		{9CFD1ACF-E3E3-4D4D-950B-37A16A8E20DB}.Release|Win32.Build.0 = Release|Win32
		{97BCC026-7E45-4EA7-8B68-DE0F1893FCF5}.Debug|Win32.ActiveCfg = Debug|Win32
		{97BCC026-7E45-4EA7-8B68-DE0F1893FCF5}.Debug|Win32.Build.0 = Debug|Win32
		{97BCC026-7E45-4EA7-8B68-DE0F1893FCF5}.Release|Win32.ActiveCfg = Release|Win32
		{97BCC026-7E45-4EA7-8B68-DE0F1893FCF5}.Release|Win32.Build.0 = Release|Win32
		{84835571-6CED-4020-B28D-0DDB705905A5}.Debug|Win32.ActiveCfg = Debug|Win32
		{84835571-6CED-4020-B28D-0DDB705905A5}.Debug|Win32.Build.0 = Debug|Win32
		{84835571-6CED-4020-B28D-0DDB705905A5}.Release|Win32.ActiveCfg = Release|Win32
		{84835571-6CED-4020-B28D-0DDB705905A5}.Release|Win32.Build.0 = Release|Win32
	EndGlobalSection
	GlobalSection(SolutionProperties) = preSolution
		HideSolutionNode = FALSE
	EndGlobalSection
EndGlobal
